{
  "name": "@zrotext/sealed-draft-v1",
  "version": "0.0.0-draft",
  "lockfileVersion": 3,
  "requires": true,
  "packages": {
    "": {
      "name": "@zrotext/sealed-draft-v1",
      "version": "0.0.0-draft",
      "dependencies": {
        "@hpke/core": "1.7.5"
      },
      "devDependencies": {
        "typescript": "5.9.3"
      }
    },
    "node_modules/@hpke/common": {
      "version": "1.10.1",
      "resolved": "https://registry.npmjs.org/@hpke/common/-/common-1.10.1.tgz",
      "integrity": "sha512-moJwhmtLtuxiUzzNp1jpfBfx8yefKoO9D/RCR9dmwrnc7qjJqId1rEtQz+lSlU5cabX8daToMSx/7HayXOiaFw==",
      "license": "MIT",
      "engines": {
        "node": ">=16.0.0"
      }
    },
    "node_modules/@hpke/core": {
      "version": "1.7.5",
      "resolved": "https://registry.npmjs.org/@hpke/core/-/core-1.7.5.tgz",
      "integrity": "sha512-4xfckZuPaIodeu0HpuTRIdtmajhRHXM/6rjS2N62Ns9aOCkGbbeYRwktqR3bUScuhCwyEBsEQqtIh9f0iLP3WQ==",
      "license": "MIT",
      "dependencies": {
        "@hpke/common": "^1.8.1"
      },
      "engines": {
        "node": ">=16.0.0"
      }
    },
    "node_modules/typescript": {
      "version": "5.9.3",
      "resolved": "https://registry.npmjs.org/typescript/-/typescript-5.9.3.tgz",
      "integrity": "sha512-jl1vZzPDinLr9eUt3J/t7V6FgNEw9QjvBPdysz9KfQDD41fQrC2Y4vKQdiaUpFT4bXlb1RHhLpp8wtm6M5TgSw==",
      "dev": true,
      "license": "Apache-2.0",
      "bin": {
        "tsc": "bin/tsc",
        "tsserver": "bin/tsserver"
      },
      "engines": {
        "node": ">=14.17"
      }
    }
  }
}
